
Microsoft Visual Studio Solution File, Format Version 12.00
# Visual Studio Version 17
VisualStudioVersion = 17.1.32210.238
MinimumVisualStudioVersion = 10.0.40219.1
Project("{2150E333-8FDC-42A3-9474-1A3956D46DE8}") = "Modules", "Modules", "{A0737150-4298-41C0-BB42-C8FC7B6B9B14}"
EndProject
Project("{2150E333-8FDC-42A3-9474-1A3956D46DE8}") = "Test", "Test", "{FBD8E9E3-3C73-4313-A5AC-C841FFE8688C}"
EndProject
Project("{2150E333-8FDC-42A3-9474-1A3956D46DE8}") = "CMS", "CMS", "{D029B947-0213-4524-930F-DBE846093AC3}"
EndProject
Project("{2150E333-8FDC-42A3-9474-1A3956D46DE8}") = "OMS", "OMS", "{6A2EDDA4-A32D-43F0-ACE4-D429B2C1E284}"
EndProject
Project("{2150E333-8FDC-42A3-9474-1A3956D46DE8}") = "PMS", "PMS", "{62A682B6-0F7E-4970-8A09-68226A12A402}"
EndProject
Project("{2150E333-8FDC-42A3-9474-1A3956D46DE8}") = "1-Service", "1-Service", "{93E32E31-0D80-462E-B0D7-53284DE35B5F}"
EndProject
Project("{2150E333-8FDC-42A3-9474-1A3956D46DE8}") = "2-Application", "2-Application", "{D4D5126A-CB26-4E22-83BB-683B4AE77899}"
EndProject
Project("{2150E333-8FDC-42A3-9474-1A3956D46DE8}") = "3-Domain", "3-Domain", "{15F74DEE-5822-431C-8F7E-7928A8A04B90}"
EndProject
Project("{2150E333-8FDC-42A3-9474-1A3956D46DE8}") = "4-Infra.Data", "4-Infra.Data", "{B4E11499-B8D0-4D04-851A-CBF0447EF227}"
EndProject
Project("{2150E333-8FDC-42A3-9474-1A3956D46DE8}") = "5-Infra.CrossCutting", "5-Infra.CrossCutting", "{968B3CBC-7887-414F-9447-6AB73A55F87D}"
EndProject
Project("{FAE04EC0-301F-11D3-BF4B-00C04F79EFBC}") = "Api", "Modules\CMS\1-Service\Api\Api.csproj", "{9AC48C69-B021-4278-B68D-033D356319BC}"
EndProject
Project("{FAE04EC0-301F-11D3-BF4B-00C04F79EFBC}") = "Application", "Modules\CMS\2-Application\Application\Application.csproj", "{00420DE8-3F19-4876-BAA1-5B17441F4CDF}"
EndProject
Project("{FAE04EC0-301F-11D3-BF4B-00C04F79EFBC}") = "Domain", "Modules\CMS\3-Domain\Domain\Domain.csproj", "{BDD92290-E14D-4876-A678-4E2D81723FD9}"
EndProject
Project("{FAE04EC0-301F-11D3-BF4B-00C04F79EFBC}") = "Infra.Data", "Modules\CMS\4-Infra.Data\Infra.Data\Infra.Data.csproj", "{68D1999A-D2CC-449B-A8EE-301211A1E2DA}"
EndProject
Project("{2150E333-8FDC-42A3-9474-1A3956D46DE8}") = "Bus", "Bus", "{3EFC8882-01B0-46D3-A46B-E3319ACECB92}"
EndProject
Project("{2150E333-8FDC-42A3-9474-1A3956D46DE8}") = "Identity", "Identity", "{DBA206B7-B1FA-48D7-BDB6-2D02C8AAE2B2}"
EndProject
Project("{2150E333-8FDC-42A3-9474-1A3956D46DE8}") = "Ioc", "Ioc", "{1FFF1C33-4663-4DA4-9293-88DB23A28B44}"
EndProject
Project("{FAE04EC0-301F-11D3-BF4B-00C04F79EFBC}") = "Infra.Bus", "Modules\CMS\5-Infra.CrossCutting\Bus\Infra.Bus\Infra.Bus.csproj", "{509C5C53-DC11-4A4E-8228-973F3D6FD4DB}"
EndProject
Project("{FAE04EC0-301F-11D3-BF4B-00C04F79EFBC}") = "Infra.Ioc", "Modules\CMS\5-Infra.CrossCutting\Ioc\Infra.Ioc\Infra.Ioc.csproj", "{B52E05CD-ECA1-4A5B-99F9-4D3AFDA9A809}"
EndProject
Global
	GlobalSection(SolutionConfigurationPlatforms) = preSolution
		Debug|Any CPU = Debug|Any CPU
		Release|Any CPU = Release|Any CPU
	EndGlobalSection
	GlobalSection(ProjectConfigurationPlatforms) = postSolution
		{9AC48C69-B021-4278-B68D-033D356319BC}.Debug|Any CPU.ActiveCfg = Debug|Any CPU
		{9AC48C69-B021-4278-B68D-033D356319BC}.Debug|Any CPU.Build.0 = Debug|Any CPU
		{9AC48C69-B021-4278-B68D-033D356319BC}.Release|Any CPU.ActiveCfg = Release|Any CPU
		{9AC48C69-B021-4278-B68D-033D356319BC}.Release|Any CPU.Build.0 = Release|Any CPU
		{00420DE8-3F19-4876-BAA1-5B17441F4CDF}.Debug|Any CPU.ActiveCfg = Debug|Any CPU
		{00420DE8-3F19-4876-BAA1-5B17441F4CDF}.Debug|Any CPU.Build.0 = Debug|Any CPU
		{00420DE8-3F19-4876-BAA1-5B17441F4CDF}.Release|Any CPU.ActiveCfg = Release|Any CPU
		{00420DE8-3F19-4876-BAA1-5B17441F4CDF}.Release|Any CPU.Build.0 = Release|Any CPU
		{BDD92290-E14D-4876-A678-4E2D81723FD9}.Debug|Any CPU.ActiveCfg = Debug|Any CPU
		{BDD92290-E14D-4876-A678-4E2D81723FD9}.Debug|Any CPU.Build.0 = Debug|Any CPU
		{BDD92290-E14D-4876-A678-4E2D81723FD9}.Release|Any CPU.ActiveCfg = Release|Any CPU
		{BDD92290-E14D-4876-A678-4E2D81723FD9}.Release|Any CPU.Build.0 = Release|Any CPU
		{68D1999A-D2CC-449B-A8EE-301211A1E2DA}.Debug|Any CPU.ActiveCfg = Debug|Any CPU
		{68D1999A-D2CC-449B-A8EE-301211A1E2DA}.Debug|Any CPU.Build.0 = Debug|Any CPU
		{68D1999A-D2CC-449B-A8EE-301211A1E2DA}.Release|Any CPU.ActiveCfg = Release|Any CPU
		{68D1999A-D2CC-449B-A8EE-301211A1E2DA}.Release|Any CPU.Build.0 = Release|Any CPU
		{509C5C53-DC11-4A4E-8228-973F3D6FD4DB}.Debug|Any CPU.ActiveCfg = Debug|Any CPU
		{509C5C53-DC11-4A4E-8228-973F3D6FD4DB}.Debug|Any CPU.Build.0 = Debug|Any CPU
		{509C5C53-DC11-4A4E-8228-973F3D6FD4DB}.Release|Any CPU.ActiveCfg = Release|Any CPU
		{509C5C53-DC11-4A4E-8228-973F3D6FD4DB}.Release|Any CPU.Build.0 = Release|Any CPU
		{B52E05CD-ECA1-4A5B-99F9-4D3AFDA9A809}.Debug|Any CPU.ActiveCfg = Debug|Any CPU
		{B52E05CD-ECA1-4A5B-99F9-4D3AFDA9A809}.Debug|Any CPU.Build.0 = Debug|Any CPU
		{B52E05CD-ECA1-4A5B-99F9-4D3AFDA9A809}.Release|Any CPU.ActiveCfg = Release|Any CPU
		{B52E05CD-ECA1-4A5B-99F9-4D3AFDA9A809}.Release|Any CPU.Build.0 = Release|Any CPU
	EndGlobalSection
	GlobalSection(SolutionProperties) = preSolution
		HideSolutionNode = FALSE
	EndGlobalSection
	GlobalSection(NestedProjects) = preSolution
		{D029B947-0213-4524-930F-DBE846093AC3} = {A0737150-4298-41C0-BB42-C8FC7B6B9B14}
		{6A2EDDA4-A32D-43F0-ACE4-D429B2C1E284} = {A0737150-4298-41C0-BB42-C8FC7B6B9B14}
		{62A682B6-0F7E-4970-8A09-68226A12A402} = {A0737150-4298-41C0-BB42-C8FC7B6B9B14}
		{93E32E31-0D80-462E-B0D7-53284DE35B5F} = {D029B947-0213-4524-930F-DBE846093AC3}
		{D4D5126A-CB26-4E22-83BB-683B4AE77899} = {D029B947-0213-4524-930F-DBE846093AC3}
		{15F74DEE-5822-431C-8F7E-7928A8A04B90} = {D029B947-0213-4524-930F-DBE846093AC3}
		{B4E11499-B8D0-4D04-851A-CBF0447EF227} = {D029B947-0213-4524-930F-DBE846093AC3}
		{968B3CBC-7887-414F-9447-6AB73A55F87D} = {D029B947-0213-4524-930F-DBE846093AC3}
		{9AC48C69-B021-4278-B68D-033D356319BC} = {93E32E31-0D80-462E-B0D7-53284DE35B5F}
		{00420DE8-3F19-4876-BAA1-5B17441F4CDF} = {D4D5126A-CB26-4E22-83BB-683B4AE77899}
		{BDD92290-E14D-4876-A678-4E2D81723FD9} = {15F74DEE-5822-431C-8F7E-7928A8A04B90}
		{68D1999A-D2CC-449B-A8EE-301211A1E2DA} = {B4E11499-B8D0-4D04-851A-CBF0447EF227}
		{3EFC8882-01B0-46D3-A46B-E3319ACECB92} = {968B3CBC-7887-414F-9447-6AB73A55F87D}
		{DBA206B7-B1FA-48D7-BDB6-2D02C8AAE2B2} = {968B3CBC-7887-414F-9447-6AB73A55F87D}
		{1FFF1C33-4663-4DA4-9293-88DB23A28B44} = {968B3CBC-7887-414F-9447-6AB73A55F87D}
		{509C5C53-DC11-4A4E-8228-973F3D6FD4DB} = {3EFC8882-01B0-46D3-A46B-E3319ACECB92}
		{B52E05CD-ECA1-4A5B-99F9-4D3AFDA9A809} = {1FFF1C33-4663-4DA4-9293-88DB23A28B44}
	EndGlobalSection
	GlobalSection(ExtensibilityGlobals) = postSolution
		SolutionGuid = {DAE9B30F-EEC9-4F61-9CA6-8E096980F57D}
	EndGlobalSection
EndGlobal
